<Solution>
  <Folder Name="/samples/">
    <Project Path="samples/Devices.Samples/Devices.Samples.csproj" />
  </Folder>
  <Folder Name="/src/">
    <Project Path="src/Devices/Devices.csproj" />
    <Project Path="src/Devices.DependencyInjection/Devices.DependencyInjection.csproj" />
  </Folder>
  <Folder Name="/test/">
    <Project Path="test/Devices.UnitTests/Devices.UnitTests.csproj" />
    <Project Path="test/Devices.DependencyInjection.UnitTests/Devices.DependencyInjection.UnitTests.csproj" />
  </Folder>
</Solution>
